
Microsoft Visual Studio Solution File, Format Version 10.00
# Visual Studio 2008
Project("{8BC9CEB8-8B4A-11D0-8D11-00A0C91BC942}") = "wget", "wget.vcproj", "{2CC10175-D05E-470F-BBC3-F9F9B37F28CD}"
EndProject
Global
	GlobalSection(SolutionConfigurationPlatforms) = preSolution
		Debug|Win32 = Debug|Win32
		Release|Win32 = Release|Win32
	EndGlobalSection
	GlobalSection(ProjectConfigurationPlatforms) = postSolution
		{2CC10175-D05E-470F-BBC3-F9F9B37F28CD}.Debug|Win32.ActiveCfg = Debug|Win32
		{2CC10175-D05E-470F-BBC3-F9F9B37F28CD}.Debug|Win32.Build.0 = Debug|Win32
		{2CC10175-D05E-470F-BBC3-F9F9B37F28CD}.Release|Win32.ActiveCfg = Release|Win32
		{2CC10175-D05E-470F-BBC3-F9F9B37F28CD}.Release|Win32.Build.0 = Release|Win32
	EndGlobalSection
	GlobalSection(SolutionProperties) = preSolution
		HideSolutionNode = FALSE
	EndGlobalSection
EndGlobal
